
Microsoft Visual Studio Solution File, Format Version 12.00
# Visual Studio Version 16
VisualStudioVersion = 16.0.31129.286
MinimumVisualStudioVersion = 10.0.40219.1
Project("{9A19103F-16F7-4668-BE54-9A1E7A4F7556}") = "blazorAntdProTemplate", "blazorAntdProTemplate.csproj", "{4D6E123D-8629-4351-8263-0749F2520B31}"
EndProject
Global
	GlobalSection(SolutionConfigurationPlatforms) = preSolution
		Debug|Any CPU = Debug|Any CPU
		Release|Any CPU = Release|Any CPU
	EndGlobalSection
	GlobalSection(ProjectConfigurationPlatforms) = postSolution
		{4D6E123D-8629-4351-8263-0749F2520B31}.Debug|Any CPU.ActiveCfg = Debug|Any CPU
		{4D6E123D-8629-4351-8263-0749F2520B31}.Debug|Any CPU.Build.0 = Debug|Any CPU
		{4D6E123D-8629-4351-8263-0749F2520B31}.Release|Any CPU.ActiveCfg = Release|Any CPU
		{4D6E123D-8629-4351-8263-0749F2520B31}.Release|Any CPU.Build.0 = Release|Any CPU
	EndGlobalSection
	GlobalSection(SolutionProperties) = preSolution
		HideSolutionNode = FALSE
	EndGlobalSection
	GlobalSection(ExtensibilityGlobals) = postSolution
		SolutionGuid = {EE291B2B-DFC6-4ED2-A4BB-571DFDD8A631}
	EndGlobalSection
EndGlobal
